// !$*UTF8*$!
{
	archiveVersion = 1;
	classes = {
	};
	objectVersion = 56;
	objects = {

/* Begin PBXBuildFile section */
		F02631D32C88423100C8F1A3 /* Notifiers.swift in Sources */ = {isa = PBXBuildFile; fileRef = F02631D22C88423100C8F1A3 /* Notifiers.swift */; };
		F02631D72C885F7C00C8F1A3 /* Result+Convenience.swift in Sources */ = {isa = PBXBuildFile; fileRef = F02631D62C885F7C00C8F1A3 /* Result+Convenience.swift */; };
		F02631D92C88725000C8F1A3 /* Collection+Convenience.swift in Sources */ = {isa = PBXBuildFile; fileRef = F02631D82C88725000C8F1A3 /* Collection+Convenience.swift */; };
		F02631DB2C88894F00C8F1A3 /* AppMenu.swift in Sources */ = {isa = PBXBuildFile; fileRef = F02631DA2C88894F00C8F1A3 /* AppMenu.swift */; };
		F02631E52C89A96E00C8F1A3 /* Date+Convenience.swift in Sources */ = {isa = PBXBuildFile; fileRef = F02631E42C89A96E00C8F1A3 /* Date+Convenience.swift */; };
		F02631E82C89B19F00C8F1A3 /* HiddenIf.swift in Sources */ = {isa = PBXBuildFile; fileRef = F02631E72C89B19F00C8F1A3 /* HiddenIf.swift */; };
		F02631ED2C8A1A0D00C8F1A3 /* OpenAtLoginHandler.swift in Sources */ = {isa = PBXBuildFile; fileRef = F02631EC2C8A1A0D00C8F1A3 /* OpenAtLoginHandler.swift */; };
		F02ABD5C2C931EDF005F01E9 /* PurchaseProView.swift in Sources */ = {isa = PBXBuildFile; fileRef = F02ABD5B2C931ED9005F01E9 /* PurchaseProView.swift */; };
		F02ABD5E2C931EE7005F01E9 /* PurchaseProViewModel.swift in Sources */ = {isa = PBXBuildFile; fileRef = F02ABD5D2C931EE2005F01E9 /* PurchaseProViewModel.swift */; };
		F02ABD672C931F11005F01E9 /* ProjectMetrics.swift in Sources */ = {isa = PBXBuildFile; fileRef = F02ABD632C931F11005F01E9 /* ProjectMetrics.swift */; };
		F02ABD682C931F11005F01E9 /* ProjectMetricsStorage.swift in Sources */ = {isa = PBXBuildFile; fileRef = F02ABD642C931F11005F01E9 /* ProjectMetricsStorage.swift */; };
		F02ABD692C931F11005F01E9 /* ProjectFetcherService.swift in Sources */ = {isa = PBXBuildFile; fileRef = F02ABD622C931F11005F01E9 /* ProjectFetcherService.swift */; };
		F02ABD6A2C931F11005F01E9 /* ProjectsStorage.swift in Sources */ = {isa = PBXBuildFile; fileRef = F02ABD652C931F11005F01E9 /* ProjectsStorage.swift */; };
		F02ABD6B2C931F11005F01E9 /* ProjectFetcher.swift in Sources */ = {isa = PBXBuildFile; fileRef = F02ABD612C931F11005F01E9 /* ProjectFetcher.swift */; };
		F02ABD6C2C931F11005F01E9 /* Project.swift in Sources */ = {isa = PBXBuildFile; fileRef = F02ABD602C931F11005F01E9 /* Project.swift */; };
		F02ABD6E2C931F24005F01E9 /* ProStatusProvider.swift in Sources */ = {isa = PBXBuildFile; fileRef = F02ABD6D2C931F1A005F01E9 /* ProStatusProvider.swift */; };
		F050EC9B2C8737EF00E0C328 /* String+Convenience.swift in Sources */ = {isa = PBXBuildFile; fileRef = F050EC9A2C8737EF00E0C328 /* String+Convenience.swift */; };
		F050EC9E2C873C1000E0C328 /* asyncOnMainThread.swift in Sources */ = {isa = PBXBuildFile; fileRef = F050EC9D2C873C1000E0C328 /* asyncOnMainThread.swift */; };
		F05A79B02C8F3E35003A53CD /* Border.swift in Sources */ = {isa = PBXBuildFile; fileRef = F05A79AF2C8F3E35003A53CD /* Border.swift */; };
		F05A79B22C8F3F35003A53CD /* SeparatorView.swift in Sources */ = {isa = PBXBuildFile; fileRef = F05A79B12C8F3F35003A53CD /* SeparatorView.swift */; };
		F05A79B42C8F4A80003A53CD /* DemoView.swift in Sources */ = {isa = PBXBuildFile; fileRef = F05A79B32C8F4A80003A53CD /* DemoView.swift */; };
		F05A79B72C9025FD003A53CD /* RevenueCat in Frameworks */ = {isa = PBXBuildFile; productRef = F05A79B62C9025FD003A53CD /* RevenueCat */; };
		F0D7665F2C875EB9006907B8 /* FooterView.swift in Sources */ = {isa = PBXBuildFile; fileRef = F0D7665E2C875EB9006907B8 /* FooterView.swift */; };
		F0D766622C877CB2006907B8 /* Spacing.swift in Sources */ = {isa = PBXBuildFile; fileRef = F0D766612C877CB2006907B8 /* Spacing.swift */; };
		F0D766642C877CD4006907B8 /* Padding.swift in Sources */ = {isa = PBXBuildFile; fileRef = F0D766632C877CD4006907B8 /* Padding.swift */; };
		F0D766662C877CF4006907B8 /* Opacity.swift in Sources */ = {isa = PBXBuildFile; fileRef = F0D766652C877CF4006907B8 /* Opacity.swift */; };
		F0D766682C877D2A006907B8 /* CornerRadius.swift in Sources */ = {isa = PBXBuildFile; fileRef = F0D766672C877D2A006907B8 /* CornerRadius.swift */; };
		F0D7666A2C877E7C006907B8 /* BorderWidth.swift in Sources */ = {isa = PBXBuildFile; fileRef = F0D766692C877E7C006907B8 /* BorderWidth.swift */; };
		F0D7666C2C8783FA006907B8 /* HeaderView.swift in Sources */ = {isa = PBXBuildFile; fileRef = F0D7666B2C8783FA006907B8 /* HeaderView.swift */; };
		F0FD1F3D2C8365730038FB60 /* Assets.xcassets in Resources */ = {isa = PBXBuildFile; fileRef = F0FD1F3C2C8365730038FB60 /* Assets.xcassets */; };
		F0FD1F502C83693E0038FB60 /* DashboardView.swift in Sources */ = {isa = PBXBuildFile; fileRef = F0FD1F4F2C83693E0038FB60 /* DashboardView.swift */; };
		F0FD1F522C83694F0038FB60 /* AuthView.swift in Sources */ = {isa = PBXBuildFile; fileRef = F0FD1F512C83694F0038FB60 /* AuthView.swift */; };
		F0FD1F542C8369580038FB60 /* PreferencesView.swift in Sources */ = {isa = PBXBuildFile; fileRef = F0FD1F532C8369580038FB60 /* PreferencesView.swift */; };
		F0FD1F572C836ADA0038FB60 /* Dependencies.swift in Sources */ = {isa = PBXBuildFile; fileRef = F0FD1F562C836ADA0038FB60 /* Dependencies.swift */; };
		F0FD1F592C836B050038FB60 /* MenuBarController.swift in Sources */ = {isa = PBXBuildFile; fileRef = F0FD1F582C836B050038FB60 /* MenuBarController.swift */; };
		F0FD1F5B2C836B6A0038FB60 /* MenuPopoverController.swift in Sources */ = {isa = PBXBuildFile; fileRef = F0FD1F5A2C836B6A0038FB60 /* MenuPopoverController.swift */; };
		F0FD1F602C836F400038FB60 /* main.swift in Sources */ = {isa = PBXBuildFile; fileRef = F0FD1F5F2C836F400038FB60 /* main.swift */; };
		F0FD1F622C836F500038FB60 /* AppDelegate.swift in Sources */ = {isa = PBXBuildFile; fileRef = F0FD1F612C836F500038FB60 /* AppDelegate.swift */; };
		F0FD1F642C8370AB0038FB60 /* MenuPopoverNavigationCoordinator.swift in Sources */ = {isa = PBXBuildFile; fileRef = F0FD1F632C8370AB0038FB60 /* MenuPopoverNavigationCoordinator.swift */; };
		F0FD1F662C8370EF0038FB60 /* MenuPopoverWindow.swift in Sources */ = {isa = PBXBuildFile; fileRef = F0FD1F652C8370EF0038FB60 /* MenuPopoverWindow.swift */; };
		F0FD1F6B2C8378D30038FB60 /* KeyValueStorage.swift in Sources */ = {isa = PBXBuildFile; fileRef = F0FD1F6A2C8378D30038FB60 /* KeyValueStorage.swift */; };
		F0FD1F6E2C8379070038FB60 /* StaticString+Convenience.swift in Sources */ = {isa = PBXBuildFile; fileRef = F0FD1F6D2C8379070038FB60 /* StaticString+Convenience.swift */; };
		F0FD1F712C8379C90038FB60 /* KeychainAccess in Frameworks */ = {isa = PBXBuildFile; productRef = F0FD1F702C8379C90038FB60 /* KeychainAccess */; };
		F0FD1F732C837A000038FB60 /* Double+Convenience.swift in Sources */ = {isa = PBXBuildFile; fileRef = F0FD1F722C837A000038FB60 /* Double+Convenience.swift */; };
		F0FD1F752C837A170038FB60 /* Int+Convenience.swift in Sources */ = {isa = PBXBuildFile; fileRef = F0FD1F742C837A170038FB60 /* Int+Convenience.swift */; };
		F0FD1F772C837A3D0038FB60 /* Bool+Convenience.swift in Sources */ = {isa = PBXBuildFile; fileRef = F0FD1F762C837A3D0038FB60 /* Bool+Convenience.swift */; };
		F0FD1F792C837B9F0038FB60 /* NSButton+Convenience.swift in Sources */ = {isa = PBXBuildFile; fileRef = F0FD1F782C837B9F0038FB60 /* NSButton+Convenience.swift */; };
		F0FD1F7C2C837BC50038FB60 /* Closures.swift in Sources */ = {isa = PBXBuildFile; fileRef = F0FD1F7B2C837BC50038FB60 /* Closures.swift */; };
		F0FD1F812C837D280038FB60 /* NSView+Convenience.swift in Sources */ = {isa = PBXBuildFile; fileRef = F0FD1F802C837D280038FB60 /* NSView+Convenience.swift */; };
		F0FD1F862C837D830038FB60 /* SnapKit in Frameworks */ = {isa = PBXBuildFile; productRef = F0FD1F852C837D830038FB60 /* SnapKit */; };
		F0FD1F892C8382010038FB60 /* EventMonitor.swift in Sources */ = {isa = PBXBuildFile; fileRef = F0FD1F882C8382010038FB60 /* EventMonitor.swift */; };
		F0FD1F8B2C8386230038FB60 /* Numeric+Convenience.swift in Sources */ = {isa = PBXBuildFile; fileRef = F0FD1F8A2C8386230038FB60 /* Numeric+Convenience.swift */; };
		F0FD1F8D2C8389C10038FB60 /* Optional+Convenience.swift in Sources */ = {isa = PBXBuildFile; fileRef = F0FD1F8C2C8389C10038FB60 /* Optional+Convenience.swift */; };
		F0FD1F8F2C8389F60038FB60 /* CGRect+Convenience.swift in Sources */ = {isa = PBXBuildFile; fileRef = F0FD1F8E2C8389F60038FB60 /* CGRect+Convenience.swift */; };
		F0FD1F912C838F1B0038FB60 /* MenuPopoverView.swift in Sources */ = {isa = PBXBuildFile; fileRef = F0FD1F902C838F1B0038FB60 /* MenuPopoverView.swift */; };
		F0FD1F942C8394CC0038FB60 /* BaseNSView.swift in Sources */ = {isa = PBXBuildFile; fileRef = F0FD1F932C8394CC0038FB60 /* BaseNSView.swift */; };
		F0FD1F982C843F410038FB60 /* AuthViewModel.swift in Sources */ = {isa = PBXBuildFile; fileRef = F0FD1F972C843F410038FB60 /* AuthViewModel.swift */; };
		F0FD1F9B2C843F9E0038FB60 /* ViewModelFactory.swift in Sources */ = {isa = PBXBuildFile; fileRef = F0FD1F9A2C843F9E0038FB60 /* ViewModelFactory.swift */; };
		F0FD1F9D2C8440250038FB60 /* DashboardViewModel.swift in Sources */ = {isa = PBXBuildFile; fileRef = F0FD1F9C2C8440250038FB60 /* DashboardViewModel.swift */; };
		F0FD1F9F2C84404D0038FB60 /* PreferencesViewModel.swift in Sources */ = {isa = PBXBuildFile; fileRef = F0FD1F9E2C84404D0038FB60 /* PreferencesViewModel.swift */; };
		F0FD1FA82C84A31A0038FB60 /* KeyValueStorageKeys.swift in Sources */ = {isa = PBXBuildFile; fileRef = F0FD1FA72C84A31A0038FB60 /* KeyValueStorageKeys.swift */; };
		F0FD1FB42C84E06D0038FB60 /* Codable+Convenience.swift in Sources */ = {isa = PBXBuildFile; fileRef = F0FD1FB32C84E06D0038FB60 /* Codable+Convenience.swift */; };
		F0FFD8CD2C93237E00B95F8C /* ProStatusService.swift in Sources */ = {isa = PBXBuildFile; fileRef = F0FFD8CC2C93237B00B95F8C /* ProStatusService.swift */; };
		F0FFD8CF2C93245E00B95F8C /* AppConstants.swift in Sources */ = {isa = PBXBuildFile; fileRef = F0FFD8CE2C93245A00B95F8C /* AppConstants.swift */; };
		F0FFD8D22C93269A00B95F8C /* DeviceId.swift in Sources */ = {isa = PBXBuildFile; fileRef = F0FFD8D12C93269800B95F8C /* DeviceId.swift */; };
		F0FFD8D52C9326A600B95F8C /* DeviceIdProvider.swift in Sources */ = {isa = PBXBuildFile; fileRef = F0FFD8D42C9326A600B95F8C /* DeviceIdProvider.swift */; };
		F0FFD8D72C934B1D00B95F8C /* ProPurchaseProvider.swift in Sources */ = {isa = PBXBuildFile; fileRef = F0FFD8D62C934B1D00B95F8C /* ProPurchaseProvider.swift */; };
/* End PBXBuildFile section */

/* Begin PBXCopyFilesBuildPhase section */
		F0FD1F832C837D7C0038FB60 /* Embed Frameworks */ = {
			isa = PBXCopyFilesBuildPhase;
			buildActionMask = 2147483647;
			dstPath = "";
			dstSubfolderSpec = 10;
			files = (
			);
			name = "Embed Frameworks";
			runOnlyForDeploymentPostprocessing = 0;
		};
/* End PBXCopyFilesBuildPhase section */

/* Begin PBXFileReference section */
		F02631D22C88423100C8F1A3 /* Notifiers.swift */ = {isa = PBXFileReference; lastKnownFileType = sourcecode.swift; path = Notifiers.swift; sourceTree = "<group>"; };
		F02631D62C885F7C00C8F1A3 /* Result+Convenience.swift */ = {isa = PBXFileReference; lastKnownFileType = sourcecode.swift; path = "Result+Convenience.swift"; sourceTree = "<group>"; };
		F02631D82C88725000C8F1A3 /* Collection+Convenience.swift */ = {isa = PBXFileReference; lastKnownFileType = sourcecode.swift; path = "Collection+Convenience.swift"; sourceTree = "<group>"; };
		F02631DA2C88894F00C8F1A3 /* AppMenu.swift */ = {isa = PBXFileReference; lastKnownFileType = sourcecode.swift; path = AppMenu.swift; sourceTree = "<group>"; };
		F02631E42C89A96E00C8F1A3 /* Date+Convenience.swift */ = {isa = PBXFileReference; lastKnownFileType = sourcecode.swift; path = "Date+Convenience.swift"; sourceTree = "<group>"; };
		F02631E72C89B19F00C8F1A3 /* HiddenIf.swift */ = {isa = PBXFileReference; lastKnownFileType = sourcecode.swift; path = HiddenIf.swift; sourceTree = "<group>"; };
		F02631EC2C8A1A0D00C8F1A3 /* OpenAtLoginHandler.swift */ = {isa = PBXFileReference; lastKnownFileType = sourcecode.swift; path = OpenAtLoginHandler.swift; sourceTree = "<group>"; };
		F02ABD5B2C931ED9005F01E9 /* PurchaseProView.swift */ = {isa = PBXFileReference; lastKnownFileType = sourcecode.swift; path = PurchaseProView.swift; sourceTree = "<group>"; };
		F02ABD5D2C931EE2005F01E9 /* PurchaseProViewModel.swift */ = {isa = PBXFileReference; lastKnownFileType = sourcecode.swift; path = PurchaseProViewModel.swift; sourceTree = "<group>"; };
		F02ABD602C931F11005F01E9 /* Project.swift */ = {isa = PBXFileReference; lastKnownFileType = sourcecode.swift; path = Project.swift; sourceTree = "<group>"; };
		F02ABD612C931F11005F01E9 /* ProjectFetcher.swift */ = {isa = PBXFileReference; lastKnownFileType = sourcecode.swift; path = ProjectFetcher.swift; sourceTree = "<group>"; };
		F02ABD622C931F11005F01E9 /* ProjectFetcherService.swift */ = {isa = PBXFileReference; lastKnownFileType = sourcecode.swift; path = ProjectFetcherService.swift; sourceTree = "<group>"; };
		F02ABD632C931F11005F01E9 /* ProjectMetrics.swift */ = {isa = PBXFileReference; lastKnownFileType = sourcecode.swift; path = ProjectMetrics.swift; sourceTree = "<group>"; };
		F02ABD642C931F11005F01E9 /* ProjectMetricsStorage.swift */ = {isa = PBXFileReference; lastKnownFileType = sourcecode.swift; path = ProjectMetricsStorage.swift; sourceTree = "<group>"; };
		F02ABD652C931F11005F01E9 /* ProjectsStorage.swift */ = {isa = PBXFileReference; lastKnownFileType = sourcecode.swift; path = ProjectsStorage.swift; sourceTree = "<group>"; };
		F02ABD6D2C931F1A005F01E9 /* ProStatusProvider.swift */ = {isa = PBXFileReference; lastKnownFileType = sourcecode.swift; path = ProStatusProvider.swift; sourceTree = "<group>"; };
		F050EC9A2C8737EF00E0C328 /* String+Convenience.swift */ = {isa = PBXFileReference; lastKnownFileType = sourcecode.swift; path = "String+Convenience.swift"; sourceTree = "<group>"; };
		F050EC9D2C873C1000E0C328 /* asyncOnMainThread.swift */ = {isa = PBXFileReference; lastKnownFileType = sourcecode.swift; path = asyncOnMainThread.swift; sourceTree = "<group>"; };
		F05A79AF2C8F3E35003A53CD /* Border.swift */ = {isa = PBXFileReference; lastKnownFileType = sourcecode.swift; path = Border.swift; sourceTree = "<group>"; };
		F05A79B12C8F3F35003A53CD /* SeparatorView.swift */ = {isa = PBXFileReference; lastKnownFileType = sourcecode.swift; path = SeparatorView.swift; sourceTree = "<group>"; };
		F05A79B32C8F4A80003A53CD /* DemoView.swift */ = {isa = PBXFileReference; lastKnownFileType = sourcecode.swift; path = DemoView.swift; sourceTree = "<group>"; };
		F0D7665E2C875EB9006907B8 /* FooterView.swift */ = {isa = PBXFileReference; lastKnownFileType = sourcecode.swift; path = FooterView.swift; sourceTree = "<group>"; };
		F0D766612C877CB2006907B8 /* Spacing.swift */ = {isa = PBXFileReference; lastKnownFileType = sourcecode.swift; path = Spacing.swift; sourceTree = "<group>"; };
		F0D766632C877CD4006907B8 /* Padding.swift */ = {isa = PBXFileReference; lastKnownFileType = sourcecode.swift; path = Padding.swift; sourceTree = "<group>"; };
		F0D766652C877CF4006907B8 /* Opacity.swift */ = {isa = PBXFileReference; lastKnownFileType = sourcecode.swift; path = Opacity.swift; sourceTree = "<group>"; };
		F0D766672C877D2A006907B8 /* CornerRadius.swift */ = {isa = PBXFileReference; lastKnownFileType = sourcecode.swift; path = CornerRadius.swift; sourceTree = "<group>"; };
		F0D766692C877E7C006907B8 /* BorderWidth.swift */ = {isa = PBXFileReference; lastKnownFileType = sourcecode.swift; path = BorderWidth.swift; sourceTree = "<group>"; };
		F0D7666B2C8783FA006907B8 /* HeaderView.swift */ = {isa = PBXFileReference; lastKnownFileType = sourcecode.swift; path = HeaderView.swift; sourceTree = "<group>"; };
		F0FD1F352C8365720038FB60 /* Revenue Bar.app */ = {isa = PBXFileReference; explicitFileType = wrapper.application; includeInIndex = 0; path = "Revenue Bar.app"; sourceTree = BUILT_PRODUCTS_DIR; };
		F0FD1F3C2C8365730038FB60 /* Assets.xcassets */ = {isa = PBXFileReference; lastKnownFileType = folder.assetcatalog; path = Assets.xcassets; sourceTree = "<group>"; };
		F0FD1F412C8365730038FB60 /* RevenueBar.entitlements */ = {isa = PBXFileReference; lastKnownFileType = text.plist.entitlements; path = RevenueBar.entitlements; sourceTree = "<group>"; };
		F0FD1F4F2C83693E0038FB60 /* DashboardView.swift */ = {isa = PBXFileReference; lastKnownFileType = sourcecode.swift; path = DashboardView.swift; sourceTree = "<group>"; };
		F0FD1F512C83694F0038FB60 /* AuthView.swift */ = {isa = PBXFileReference; lastKnownFileType = sourcecode.swift; path = AuthView.swift; sourceTree = "<group>"; };
		F0FD1F532C8369580038FB60 /* PreferencesView.swift */ = {isa = PBXFileReference; lastKnownFileType = sourcecode.swift; path = PreferencesView.swift; sourceTree = "<group>"; };
		F0FD1F562C836ADA0038FB60 /* Dependencies.swift */ = {isa = PBXFileReference; lastKnownFileType = sourcecode.swift; path = Dependencies.swift; sourceTree = "<group>"; };
		F0FD1F582C836B050038FB60 /* MenuBarController.swift */ = {isa = PBXFileReference; lastKnownFileType = sourcecode.swift; path = MenuBarController.swift; sourceTree = "<group>"; };
		F0FD1F5A2C836B6A0038FB60 /* MenuPopoverController.swift */ = {isa = PBXFileReference; lastKnownFileType = sourcecode.swift; path = MenuPopoverController.swift; sourceTree = "<group>"; };
		F0FD1F5F2C836F400038FB60 /* main.swift */ = {isa = PBXFileReference; lastKnownFileType = sourcecode.swift; path = main.swift; sourceTree = "<group>"; };
		F0FD1F612C836F500038FB60 /* AppDelegate.swift */ = {isa = PBXFileReference; lastKnownFileType = sourcecode.swift; path = AppDelegate.swift; sourceTree = "<group>"; };
		F0FD1F632C8370AB0038FB60 /* MenuPopoverNavigationCoordinator.swift */ = {isa = PBXFileReference; lastKnownFileType = sourcecode.swift; path = MenuPopoverNavigationCoordinator.swift; sourceTree = "<group>"; };
		F0FD1F652C8370EF0038FB60 /* MenuPopoverWindow.swift */ = {isa = PBXFileReference; lastKnownFileType = sourcecode.swift; path = MenuPopoverWindow.swift; sourceTree = "<group>"; };
		F0FD1F6A2C8378D30038FB60 /* KeyValueStorage.swift */ = {isa = PBXFileReference; lastKnownFileType = sourcecode.swift; path = KeyValueStorage.swift; sourceTree = "<group>"; };
		F0FD1F6D2C8379070038FB60 /* StaticString+Convenience.swift */ = {isa = PBXFileReference; lastKnownFileType = sourcecode.swift; path = "StaticString+Convenience.swift"; sourceTree = "<group>"; };
		F0FD1F722C837A000038FB60 /* Double+Convenience.swift */ = {isa = PBXFileReference; lastKnownFileType = sourcecode.swift; path = "Double+Convenience.swift"; sourceTree = "<group>"; };
		F0FD1F742C837A170038FB60 /* Int+Convenience.swift */ = {isa = PBXFileReference; lastKnownFileType = sourcecode.swift; path = "Int+Convenience.swift"; sourceTree = "<group>"; };
		F0FD1F762C837A3D0038FB60 /* Bool+Convenience.swift */ = {isa = PBXFileReference; lastKnownFileType = sourcecode.swift; path = "Bool+Convenience.swift"; sourceTree = "<group>"; };
		F0FD1F782C837B9F0038FB60 /* NSButton+Convenience.swift */ = {isa = PBXFileReference; lastKnownFileType = sourcecode.swift; path = "NSButton+Convenience.swift"; sourceTree = "<group>"; };
		F0FD1F7B2C837BC50038FB60 /* Closures.swift */ = {isa = PBXFileReference; lastKnownFileType = sourcecode.swift; path = Closures.swift; sourceTree = "<group>"; };
		F0FD1F802C837D280038FB60 /* NSView+Convenience.swift */ = {isa = PBXFileReference; lastKnownFileType = sourcecode.swift; path = "NSView+Convenience.swift"; sourceTree = "<group>"; };
		F0FD1F882C8382010038FB60 /* EventMonitor.swift */ = {isa = PBXFileReference; lastKnownFileType = sourcecode.swift; path = EventMonitor.swift; sourceTree = "<group>"; };
		F0FD1F8A2C8386230038FB60 /* Numeric+Convenience.swift */ = {isa = PBXFileReference; lastKnownFileType = sourcecode.swift; path = "Numeric+Convenience.swift"; sourceTree = "<group>"; };
		F0FD1F8C2C8389C10038FB60 /* Optional+Convenience.swift */ = {isa = PBXFileReference; lastKnownFileType = sourcecode.swift; path = "Optional+Convenience.swift"; sourceTree = "<group>"; };
		F0FD1F8E2C8389F60038FB60 /* CGRect+Convenience.swift */ = {isa = PBXFileReference; lastKnownFileType = sourcecode.swift; path = "CGRect+Convenience.swift"; sourceTree = "<group>"; };
		F0FD1F902C838F1B0038FB60 /* MenuPopoverView.swift */ = {isa = PBXFileReference; lastKnownFileType = sourcecode.swift; path = MenuPopoverView.swift; sourceTree = "<group>"; };
		F0FD1F932C8394CC0038FB60 /* BaseNSView.swift */ = {isa = PBXFileReference; lastKnownFileType = sourcecode.swift; path = BaseNSView.swift; sourceTree = "<group>"; };
		F0FD1F972C843F410038FB60 /* AuthViewModel.swift */ = {isa = PBXFileReference; lastKnownFileType = sourcecode.swift; path = AuthViewModel.swift; sourceTree = "<group>"; };
		F0FD1F9A2C843F9E0038FB60 /* ViewModelFactory.swift */ = {isa = PBXFileReference; lastKnownFileType = sourcecode.swift; path = ViewModelFactory.swift; sourceTree = "<group>"; };
		F0FD1F9C2C8440250038FB60 /* DashboardViewModel.swift */ = {isa = PBXFileReference; lastKnownFileType = sourcecode.swift; path = DashboardViewModel.swift; sourceTree = "<group>"; };
		F0FD1F9E2C84404D0038FB60 /* PreferencesViewModel.swift */ = {isa = PBXFileReference; lastKnownFileType = sourcecode.swift; path = PreferencesViewModel.swift; sourceTree = "<group>"; };
		F0FD1FA72C84A31A0038FB60 /* KeyValueStorageKeys.swift */ = {isa = PBXFileReference; lastKnownFileType = sourcecode.swift; path = KeyValueStorageKeys.swift; sourceTree = "<group>"; };
		F0FD1FB32C84E06D0038FB60 /* Codable+Convenience.swift */ = {isa = PBXFileReference; lastKnownFileType = sourcecode.swift; path = "Codable+Convenience.swift"; sourceTree = "<group>"; };
		F0FFD8CC2C93237B00B95F8C /* ProStatusService.swift */ = {isa = PBXFileReference; lastKnownFileType = sourcecode.swift; path = ProStatusService.swift; sourceTree = "<group>"; };
		F0FFD8CE2C93245A00B95F8C /* AppConstants.swift */ = {isa = PBXFileReference; lastKnownFileType = sourcecode.swift; path = AppConstants.swift; sourceTree = "<group>"; };
		F0FFD8D12C93269800B95F8C /* DeviceId.swift */ = {isa = PBXFileReference; lastKnownFileType = sourcecode.swift; path = DeviceId.swift; sourceTree = "<group>"; };
		F0FFD8D42C9326A600B95F8C /* DeviceIdProvider.swift */ = {isa = PBXFileReference; lastKnownFileType = sourcecode.swift; path = DeviceIdProvider.swift; sourceTree = "<group>"; };
		F0FFD8D62C934B1D00B95F8C /* ProPurchaseProvider.swift */ = {isa = PBXFileReference; lastKnownFileType = sourcecode.swift; path = ProPurchaseProvider.swift; sourceTree = "<group>"; };
/* End PBXFileReference section */

/* Begin PBXFrameworksBuildPhase section */
		F0FD1F322C8365720038FB60 /* Frameworks */ = {
			isa = PBXFrameworksBuildPhase;
			buildActionMask = 2147483647;
			files = (
				F0FD1F712C8379C90038FB60 /* KeychainAccess in Frameworks */,
				F0FD1F862C837D830038FB60 /* SnapKit in Frameworks */,
				F05A79B72C9025FD003A53CD /* RevenueCat in Frameworks */,
			);
			runOnlyForDeploymentPostprocessing = 0;
		};
/* End PBXFrameworksBuildPhase section */

/* Begin PBXGroup section */
		F02631D12C88421D00C8F1A3 /* Notifiers */ = {
			isa = PBXGroup;
			children = (
				F02631D22C88423100C8F1A3 /* Notifiers.swift */,
			);
			path = Notifiers;
			sourceTree = "<group>";
		};
		F02631E62C89B19500C8F1A3 /* ViewModifiers */ = {
			isa = PBXGroup;
			children = (
				F05A79AF2C8F3E35003A53CD /* Border.swift */,
				F02631E72C89B19F00C8F1A3 /* HiddenIf.swift */,
			);
			path = ViewModifiers;
			sourceTree = "<group>";
		};
		F02631EB2C89FDCB00C8F1A3 /* OpenAtLogin */ = {
			isa = PBXGroup;
			children = (
				F02631EC2C8A1A0D00C8F1A3 /* OpenAtLoginHandler.swift */,
			);
			path = OpenAtLogin;
			sourceTree = "<group>";
		};
		F02ABD5A2C931ECB005F01E9 /* PurchasePro */ = {
			isa = PBXGroup;
			children = (
				F02ABD5B2C931ED9005F01E9 /* PurchaseProView.swift */,
				F02ABD5D2C931EE2005F01E9 /* PurchaseProViewModel.swift */,
			);
			path = PurchasePro;
			sourceTree = "<group>";
		};
		F02ABD5F2C931EEE005F01E9 /* Pro */ = {
			isa = PBXGroup;
			children = (
				F0FFD8D62C934B1D00B95F8C /* ProPurchaseProvider.swift */,
				F0FFD8CC2C93237B00B95F8C /* ProStatusService.swift */,
				F02ABD6D2C931F1A005F01E9 /* ProStatusProvider.swift */,
			);
			path = Pro;
			sourceTree = "<group>";
		};
		F02ABD662C931F11005F01E9 /* Project */ = {
			isa = PBXGroup;
			children = (
				F02ABD602C931F11005F01E9 /* Project.swift */,
				F02ABD612C931F11005F01E9 /* ProjectFetcher.swift */,
				F02ABD622C931F11005F01E9 /* ProjectFetcherService.swift */,
				F02ABD632C931F11005F01E9 /* ProjectMetrics.swift */,
				F02ABD642C931F11005F01E9 /* ProjectMetricsStorage.swift */,
				F02ABD652C931F11005F01E9 /* ProjectsStorage.swift */,
			);
			path = Project;
			sourceTree = "<group>";
		};
		F050EC9C2C873C0500E0C328 /* Functions */ = {
			isa = PBXGroup;
			children = (
				F050EC9D2C873C1000E0C328 /* asyncOnMainThread.swift */,
			);
			path = Functions;
			sourceTree = "<group>";
		};
		F0D7665D2C875EAD006907B8 /* Views */ = {
			isa = PBXGroup;
			children = (
				F05A79B32C8F4A80003A53CD /* DemoView.swift */,
				F0D7665E2C875EB9006907B8 /* FooterView.swift */,
				F0D7666B2C8783FA006907B8 /* HeaderView.swift */,
				F05A79B12C8F3F35003A53CD /* SeparatorView.swift */,
			);
			path = Views;
			sourceTree = "<group>";
		};
		F0D766602C877CA4006907B8 /* Constants */ = {
			isa = PBXGroup;
			children = (
				F0D766692C877E7C006907B8 /* BorderWidth.swift */,
				F0D766672C877D2A006907B8 /* CornerRadius.swift */,
				F0D766652C877CF4006907B8 /* Opacity.swift */,
				F0D766632C877CD4006907B8 /* Padding.swift */,
				F0D766612C877CB2006907B8 /* Spacing.swift */,
			);
			path = Constants;
			sourceTree = "<group>";
		};
		F0FD1F2C2C8365720038FB60 = {
			isa = PBXGroup;
			children = (
				F0FD1F372C8365720038FB60 /* Revenue Bar */,
				F0FD1F362C8365720038FB60 /* Products */,
				F0FD1F842C837D830038FB60 /* Frameworks */,
			);
			sourceTree = "<group>";
		};
		F0FD1F362C8365720038FB60 /* Products */ = {
			isa = PBXGroup;
			children = (
				F0FD1F352C8365720038FB60 /* Revenue Bar.app */,
			);
			name = Products;
			sourceTree = "<group>";
		};
		F0FD1F372C8365720038FB60 /* Revenue Bar */ = {
			isa = PBXGroup;
			children = (
				F0FD1F482C8365A80038FB60 /* Resources */,
				F0FD1F492C8365AD0038FB60 /* Sources */,
			);
			path = "Revenue Bar";
			sourceTree = "<group>";
		};
		F0FD1F482C8365A80038FB60 /* Resources */ = {
			isa = PBXGroup;
			children = (
				F0FD1F3C2C8365730038FB60 /* Assets.xcassets */,
				F0FD1F412C8365730038FB60 /* RevenueBar.entitlements */,
			);
			path = Resources;
			sourceTree = "<group>";
		};
		F0FD1F492C8365AD0038FB60 /* Sources */ = {
			isa = PBXGroup;
			children = (
				F0FD1F4A2C8365FC0038FB60 /* App */,
				F0FD1F4B2C8366020038FB60 /* Modules */,
				F0FD1F552C836ACC0038FB60 /* Tools */,
			);
			path = Sources;
			sourceTree = "<group>";
		};
		F0FD1F4A2C8365FC0038FB60 /* App */ = {
			isa = PBXGroup;
			children = (
				F0FFD8CE2C93245A00B95F8C /* AppConstants.swift */,
				F0FD1F612C836F500038FB60 /* AppDelegate.swift */,
				F02631DA2C88894F00C8F1A3 /* AppMenu.swift */,
				F0FD1F5F2C836F400038FB60 /* main.swift */,
			);
			path = App;
			sourceTree = "<group>";
		};
		F0FD1F4B2C8366020038FB60 /* Modules */ = {
			isa = PBXGroup;
			children = (
				F0FD1F4C2C8368C60038FB60 /* Auth */,
				F0FD1F4D2C8368E40038FB60 /* Dashboard */,
				F0FD1F4E2C8368EB0038FB60 /* Preferences */,
				F02ABD5A2C931ECB005F01E9 /* PurchasePro */,
			);
			path = Modules;
			sourceTree = "<group>";
		};
		F0FD1F4C2C8368C60038FB60 /* Auth */ = {
			isa = PBXGroup;
			children = (
				F0FD1F512C83694F0038FB60 /* AuthView.swift */,
				F0FD1F972C843F410038FB60 /* AuthViewModel.swift */,
			);
			path = Auth;
			sourceTree = "<group>";
		};
		F0FD1F4D2C8368E40038FB60 /* Dashboard */ = {
			isa = PBXGroup;
			children = (
				F0FD1F4F2C83693E0038FB60 /* DashboardView.swift */,
				F0FD1F9C2C8440250038FB60 /* DashboardViewModel.swift */,
			);
			path = Dashboard;
			sourceTree = "<group>";
		};
		F0FD1F4E2C8368EB0038FB60 /* Preferences */ = {
			isa = PBXGroup;
			children = (
				F0FD1F532C8369580038FB60 /* PreferencesView.swift */,
				F0FD1F9E2C84404D0038FB60 /* PreferencesViewModel.swift */,
			);
			path = Preferences;
			sourceTree = "<group>";
		};
		F0FD1F552C836ACC0038FB60 /* Tools */ = {
			isa = PBXGroup;
			children = (
				F0FD1F682C83789D0038FB60 /* Domain */,
				F0FD1F672C8378990038FB60 /* Open */,
			);
			path = Tools;
			sourceTree = "<group>";
		};
		F0FD1F5C2C836C600038FB60 /* Dependencies */ = {
			isa = PBXGroup;
			children = (
				F0FD1F562C836ADA0038FB60 /* Dependencies.swift */,
			);
			path = Dependencies;
			sourceTree = "<group>";
		};
		F0FD1F5D2C836C670038FB60 /* MenuBar */ = {
			isa = PBXGroup;
			children = (
				F0FD1F582C836B050038FB60 /* MenuBarController.swift */,
			);
			path = MenuBar;
			sourceTree = "<group>";
		};
		F0FD1F5E2C836C6E0038FB60 /* MenuPopover */ = {
			isa = PBXGroup;
			children = (
				F0FD1F5A2C836B6A0038FB60 /* MenuPopoverController.swift */,
				F0FD1F632C8370AB0038FB60 /* MenuPopoverNavigationCoordinator.swift */,
				F0FD1F902C838F1B0038FB60 /* MenuPopoverView.swift */,
				F0FD1F652C8370EF0038FB60 /* MenuPopoverWindow.swift */,
			);
			path = MenuPopover;
			sourceTree = "<group>";
		};
		F0FD1F672C8378990038FB60 /* Open */ = {
			isa = PBXGroup;
			children = (
				F0FD1F7A2C837BBD0038FB60 /* Closures */,
				F0FD1F872C8381FC0038FB60 /* EventMonitor */,
				F0FD1F6C2C8378FF0038FB60 /* Extensions */,
				F050EC9C2C873C0500E0C328 /* Functions */,
				F0FD1F692C8378A90038FB60 /* KeyValueStorage */,
				F02631D12C88421D00C8F1A3 /* Notifiers */,
				F02631E62C89B19500C8F1A3 /* ViewModifiers */,
				F0FD1F922C8394C00038FB60 /* Views */,
			);
			path = Open;
			sourceTree = "<group>";
		};
		F0FD1F682C83789D0038FB60 /* Domain */ = {
			isa = PBXGroup;
			children = (
				F0D766602C877CA4006907B8 /* Constants */,
				F0FD1F5C2C836C600038FB60 /* Dependencies */,
				F0FFD8D02C93268F00B95F8C /* DeviceId */,
				F0FD1F992C843F940038FB60 /* Factories */,
				F0FD1F5D2C836C670038FB60 /* MenuBar */,
				F0FD1F5E2C836C6E0038FB60 /* MenuPopover */,
				F02631EB2C89FDCB00C8F1A3 /* OpenAtLogin */,
				F02ABD5F2C931EEE005F01E9 /* Pro */,
				F02ABD662C931F11005F01E9 /* Project */,
				F0FD1FA62C84A30E0038FB60 /* Storage */,
				F0D7665D2C875EAD006907B8 /* Views */,
			);
			path = Domain;
			sourceTree = "<group>";
		};
		F0FD1F692C8378A90038FB60 /* KeyValueStorage */ = {
			isa = PBXGroup;
			children = (
				F0FD1F6A2C8378D30038FB60 /* KeyValueStorage.swift */,
			);
			path = KeyValueStorage;
			sourceTree = "<group>";
		};
		F0FD1F6C2C8378FF0038FB60 /* Extensions */ = {
			isa = PBXGroup;
			children = (
				F0FD1F762C837A3D0038FB60 /* Bool+Convenience.swift */,
				F0FD1F8E2C8389F60038FB60 /* CGRect+Convenience.swift */,
				F0FD1FB32C84E06D0038FB60 /* Codable+Convenience.swift */,
				F0FD1F722C837A000038FB60 /* Double+Convenience.swift */,
				F0FD1F742C837A170038FB60 /* Int+Convenience.swift */,
				F0FD1F782C837B9F0038FB60 /* NSButton+Convenience.swift */,
				F0FD1F802C837D280038FB60 /* NSView+Convenience.swift */,
				F0FD1F8A2C8386230038FB60 /* Numeric+Convenience.swift */,
				F0FD1F8C2C8389C10038FB60 /* Optional+Convenience.swift */,
				F02631D62C885F7C00C8F1A3 /* Result+Convenience.swift */,
				F0FD1F6D2C8379070038FB60 /* StaticString+Convenience.swift */,
				F050EC9A2C8737EF00E0C328 /* String+Convenience.swift */,
				F02631D82C88725000C8F1A3 /* Collection+Convenience.swift */,
				F02631E42C89A96E00C8F1A3 /* Date+Convenience.swift */,
			);
			path = Extensions;
			sourceTree = "<group>";
		};
		F0FD1F7A2C837BBD0038FB60 /* Closures */ = {
			isa = PBXGroup;
			children = (
				F0FD1F7B2C837BC50038FB60 /* Closures.swift */,
			);
			path = Closures;
			sourceTree = "<group>";
		};
		F0FD1F842C837D830038FB60 /* Frameworks */ = {
			isa = PBXGroup;
			children = (
			);
			name = Frameworks;
			sourceTree = "<group>";
		};
		F0FD1F872C8381FC0038FB60 /* EventMonitor */ = {
			isa = PBXGroup;
			children = (
				F0FD1F882C8382010038FB60 /* EventMonitor.swift */,
			);
			path = EventMonitor;
			sourceTree = "<group>";
		};
		F0FD1F922C8394C00038FB60 /* Views */ = {
			isa = PBXGroup;
			children = (
				F0FD1F932C8394CC0038FB60 /* BaseNSView.swift */,
			);
			path = Views;
			sourceTree = "<group>";
		};
		F0FD1F992C843F940038FB60 /* Factories */ = {
			isa = PBXGroup;
			children = (
				F0FD1F9A2C843F9E0038FB60 /* ViewModelFactory.swift */,
			);
			path = Factories;
			sourceTree = "<group>";
		};
		F0FD1FA62C84A30E0038FB60 /* Storage */ = {
			isa = PBXGroup;
			children = (
				F0FD1FA72C84A31A0038FB60 /* KeyValueStorageKeys.swift */,
			);
			path = Storage;
			sourceTree = "<group>";
		};
		F0FFD8D02C93268F00B95F8C /* DeviceId */ = {
			isa = PBXGroup;
			children = (
				F0FFD8D12C93269800B95F8C /* DeviceId.swift */,
				F0FFD8D42C9326A600B95F8C /* DeviceIdProvider.swift */,
			);
			path = DeviceId;
			sourceTree = "<group>";
		};
/* End PBXGroup section */

/* Begin PBXNativeTarget section */
		F0FD1F342C8365720038FB60 /* Revenue Bar */ = {
			isa = PBXNativeTarget;
			buildConfigurationList = F0FD1F442C8365730038FB60 /* Build configuration list for PBXNativeTarget "Revenue Bar" */;
			buildPhases = (
				F0FD1F312C8365720038FB60 /* Sources */,
				F0FD1F322C8365720038FB60 /* Frameworks */,
				F0FD1F332C8365720038FB60 /* Resources */,
				F0FD1F832C837D7C0038FB60 /* Embed Frameworks */,
			);
			buildRules = (
			);
			dependencies = (
			);
			name = "Revenue Bar";
			packageProductDependencies = (
				F0FD1F702C8379C90038FB60 /* KeychainAccess */,
				F0FD1F852C837D830038FB60 /* SnapKit */,
				F05A79B62C9025FD003A53CD /* RevenueCat */,
			);
			productName = "Revenue Bar";
			productReference = F0FD1F352C8365720038FB60 /* Revenue Bar.app */;
			productType = "com.apple.product-type.application";
		};
/* End PBXNativeTarget section */

/* Begin PBXProject section */
		F0FD1F2D2C8365720038FB60 /* Project object */ = {
			isa = PBXProject;
			attributes = {
				BuildIndependentTargetsInParallel = 1;
				LastSwiftUpdateCheck = 1530;
				LastUpgradeCheck = 1530;
				TargetAttributes = {
					F0FD1F342C8365720038FB60 = {
						CreatedOnToolsVersion = 15.3;
					};
				};
			};
			buildConfigurationList = F0FD1F302C8365720038FB60 /* Build configuration list for PBXProject "Revenue Bar" */;
			compatibilityVersion = "Xcode 14.0";
			developmentRegion = en;
			hasScannedForEncodings = 0;
			knownRegions = (
				en,
				Base,
			);
			mainGroup = F0FD1F2C2C8365720038FB60;
			packageReferences = (
				F0FD1F6F2C8379C90038FB60 /* XCRemoteSwiftPackageReference "KeychainAccess" */,
				F0FD1F7D2C837CD70038FB60 /* XCRemoteSwiftPackageReference "SnapKit" */,
				F05A79B52C9025FD003A53CD /* XCRemoteSwiftPackageReference "purchases-ios" */,
			);
			productRefGroup = F0FD1F362C8365720038FB60 /* Products */;
			projectDirPath = "";
			projectRoot = "";
			targets = (
				F0FD1F342C8365720038FB60 /* Revenue Bar */,
			);
		};
/* End PBXProject section */

/* Begin PBXResourcesBuildPhase section */
		F0FD1F332C8365720038FB60 /* Resources */ = {
			isa = PBXResourcesBuildPhase;
			buildActionMask = 2147483647;
			files = (
				F0FD1F3D2C8365730038FB60 /* Assets.xcassets in Resources */,
			);
			runOnlyForDeploymentPostprocessing = 0;
		};
/* End PBXResourcesBuildPhase section */

/* Begin PBXSourcesBuildPhase section */
		F0FD1F312C8365720038FB60 /* Sources */ = {
			isa = PBXSourcesBuildPhase;
			buildActionMask = 2147483647;
			files = (
				F0FD1F6E2C8379070038FB60 /* StaticString+Convenience.swift in Sources */,
				F0FD1F892C8382010038FB60 /* EventMonitor.swift in Sources */,
				F02631E82C89B19F00C8F1A3 /* HiddenIf.swift in Sources */,
				F0FD1F9F2C84404D0038FB60 /* PreferencesViewModel.swift in Sources */,
				F0FD1F752C837A170038FB60 /* Int+Convenience.swift in Sources */,
				F0FD1F502C83693E0038FB60 /* DashboardView.swift in Sources */,
				F0FD1FA82C84A31A0038FB60 /* KeyValueStorageKeys.swift in Sources */,
				F0D7666C2C8783FA006907B8 /* HeaderView.swift in Sources */,
				F0D766682C877D2A006907B8 /* CornerRadius.swift in Sources */,
				F0FD1F542C8369580038FB60 /* PreferencesView.swift in Sources */,
				F0FD1F912C838F1B0038FB60 /* MenuPopoverView.swift in Sources */,
				F02631E52C89A96E00C8F1A3 /* Date+Convenience.swift in Sources */,
				F0D766622C877CB2006907B8 /* Spacing.swift in Sources */,
				F0FD1F9B2C843F9E0038FB60 /* ViewModelFactory.swift in Sources */,
				F0FFD8D72C934B1D00B95F8C /* ProPurchaseProvider.swift in Sources */,
				F0FD1FB42C84E06D0038FB60 /* Codable+Convenience.swift in Sources */,
				F0FD1F772C837A3D0038FB60 /* Bool+Convenience.swift in Sources */,
				F0FD1F602C836F400038FB60 /* main.swift in Sources */,
				F0FD1F7C2C837BC50038FB60 /* Closures.swift in Sources */,
				F0FD1F812C837D280038FB60 /* NSView+Convenience.swift in Sources */,
				F0FFD8CF2C93245E00B95F8C /* AppConstants.swift in Sources */,
				F0FD1F732C837A000038FB60 /* Double+Convenience.swift in Sources */,
				F0FD1F8D2C8389C10038FB60 /* Optional+Convenience.swift in Sources */,
				F0FD1F642C8370AB0038FB60 /* MenuPopoverNavigationCoordinator.swift in Sources */,
				F0FFD8D52C9326A600B95F8C /* DeviceIdProvider.swift in Sources */,
				F02631ED2C8A1A0D00C8F1A3 /* OpenAtLoginHandler.swift in Sources */,
				F0FD1F662C8370EF0038FB60 /* MenuPopoverWindow.swift in Sources */,
				F02ABD6E2C931F24005F01E9 /* ProStatusProvider.swift in Sources */,
				F0D7666A2C877E7C006907B8 /* BorderWidth.swift in Sources */,
				F05A79B02C8F3E35003A53CD /* Border.swift in Sources */,
				F0D7665F2C875EB9006907B8 /* FooterView.swift in Sources */,
				F02631D92C88725000C8F1A3 /* Collection+Convenience.swift in Sources */,
				F0FD1F622C836F500038FB60 /* AppDelegate.swift in Sources */,
				F050EC9E2C873C1000E0C328 /* asyncOnMainThread.swift in Sources */,
				F02631D32C88423100C8F1A3 /* Notifiers.swift in Sources */,
				F02631DB2C88894F00C8F1A3 /* AppMenu.swift in Sources */,
				F0FD1F792C837B9F0038FB60 /* NSButton+Convenience.swift in Sources */,
				F0FD1F8F2C8389F60038FB60 /* CGRect+Convenience.swift in Sources */,
				F0FD1F522C83694F0038FB60 /* AuthView.swift in Sources */,
				F0FD1F942C8394CC0038FB60 /* BaseNSView.swift in Sources */,
				F0FD1F8B2C8386230038FB60 /* Numeric+Convenience.swift in Sources */,
				F0FD1F6B2C8378D30038FB60 /* KeyValueStorage.swift in Sources */,
				F02ABD5E2C931EE7005F01E9 /* PurchaseProViewModel.swift in Sources */,
				F05A79B22C8F3F35003A53CD /* SeparatorView.swift in Sources */,
				F0D766642C877CD4006907B8 /* Padding.swift in Sources */,
				F0FD1F572C836ADA0038FB60 /* Dependencies.swift in Sources */,
				F02ABD672C931F11005F01E9 /* ProjectMetrics.swift in Sources */,
				F02ABD682C931F11005F01E9 /* ProjectMetricsStorage.swift in Sources */,
				F02ABD692C931F11005F01E9 /* ProjectFetcherService.swift in Sources */,
				F02ABD6A2C931F11005F01E9 /* ProjectsStorage.swift in Sources */,
				F02ABD6B2C931F11005F01E9 /* ProjectFetcher.swift in Sources */,
				F02ABD6C2C931F11005F01E9 /* Project.swift in Sources */,
				F02631D72C885F7C00C8F1A3 /* Result+Convenience.swift in Sources */,
				F0FD1F592C836B050038FB60 /* MenuBarController.swift in Sources */,
				F0FD1F982C843F410038FB60 /* AuthViewModel.swift in Sources */,
				F0FFD8CD2C93237E00B95F8C /* ProStatusService.swift in Sources */,
				F0FD1F5B2C836B6A0038FB60 /* MenuPopoverController.swift in Sources */,
				F050EC9B2C8737EF00E0C328 /* String+Convenience.swift in Sources */,
				F0FFD8D22C93269A00B95F8C /* DeviceId.swift in Sources */,
				F0FD1F9D2C8440250038FB60 /* DashboardViewModel.swift in Sources */,
				F05A79B42C8F4A80003A53CD /* DemoView.swift in Sources */,
				F0D766662C877CF4006907B8 /* Opacity.swift in Sources */,
				F02ABD5C2C931EDF005F01E9 /* PurchaseProView.swift in Sources */,
			);
			runOnlyForDeploymentPostprocessing = 0;
		};
/* End PBXSourcesBuildPhase section */

/* Begin XCBuildConfiguration section */
		F0FD1F422C8365730038FB60 /* Debug */ = {
			isa = XCBuildConfiguration;
			buildSettings = {
				ALWAYS_SEARCH_USER_PATHS = NO;
				ASSETCATALOG_COMPILER_GENERATE_SWIFT_ASSET_SYMBOL_EXTENSIONS = YES;
				CLANG_ANALYZER_NONNULL = YES;
				CLANG_ANALYZER_NUMBER_OBJECT_CONVERSION = YES_AGGRESSIVE;
				CLANG_CXX_LANGUAGE_STANDARD = "gnu++20";
				CLANG_ENABLE_MODULES = YES;
				CLANG_ENABLE_OBJC_ARC = YES;
				CLANG_ENABLE_OBJC_WEAK = YES;
				CLANG_WARN_BLOCK_CAPTURE_AUTORELEASING = YES;
				CLANG_WARN_BOOL_CONVERSION = YES;
				CLANG_WARN_COMMA = YES;
				CLANG_WARN_CONSTANT_CONVERSION = YES;
				CLANG_WARN_DEPRECATED_OBJC_IMPLEMENTATIONS = YES;
				CLANG_WARN_DIRECT_OBJC_ISA_USAGE = YES_ERROR;
				CLANG_WARN_DOCUMENTATION_COMMENTS = YES;
				CLANG_WARN_EMPTY_BODY = YES;
				CLANG_WARN_ENUM_CONVERSION = YES;
				CLANG_WARN_INFINITE_RECURSION = YES;
				CLANG_WARN_INT_CONVERSION = YES;
				CLANG_WARN_NON_LITERAL_NULL_CONVERSION = YES;
				CLANG_WARN_OBJC_IMPLICIT_RETAIN_SELF = YES;
				CLANG_WARN_OBJC_LITERAL_CONVERSION = YES;
				CLANG_WARN_OBJC_ROOT_CLASS = YES_ERROR;
				CLANG_WARN_QUOTED_INCLUDE_IN_FRAMEWORK_HEADER = YES;
				CLANG_WARN_RANGE_LOOP_ANALYSIS = YES;
				CLANG_WARN_STRICT_PROTOTYPES = YES;
				CLANG_WARN_SUSPICIOUS_MOVE = YES;
				CLANG_WARN_UNGUARDED_AVAILABILITY = YES_AGGRESSIVE;
				CLANG_WARN_UNREACHABLE_CODE = YES;
				CLANG_WARN__DUPLICATE_METHOD_MATCH = YES;
				COPY_PHASE_STRIP = NO;
				DEBUG_INFORMATION_FORMAT = dwarf;
				ENABLE_STRICT_OBJC_MSGSEND = YES;
				ENABLE_TESTABILITY = YES;
				ENABLE_USER_SCRIPT_SANDBOXING = YES;
				GCC_C_LANGUAGE_STANDARD = gnu17;
				GCC_DYNAMIC_NO_PIC = NO;
				GCC_NO_COMMON_BLOCKS = YES;
				GCC_OPTIMIZATION_LEVEL = 0;
				GCC_PREPROCESSOR_DEFINITIONS = (
					"DEBUG=1",
					"$(inherited)",
				);
				GCC_WARN_64_TO_32_BIT_CONVERSION = YES;
				GCC_WARN_ABOUT_RETURN_TYPE = YES_ERROR;
				GCC_WARN_UNDECLARED_SELECTOR = YES;
				GCC_WARN_UNINITIALIZED_AUTOS = YES_AGGRESSIVE;
				GCC_WARN_UNUSED_FUNCTION = YES;
				GCC_WARN_UNUSED_VARIABLE = YES;
				LOCALIZATION_PREFERS_STRING_CATALOGS = YES;
				MACOSX_DEPLOYMENT_TARGET = 14.6;
				MTL_ENABLE_DEBUG_INFO = INCLUDE_SOURCE;
				MTL_FAST_MATH = YES;
				ONLY_ACTIVE_ARCH = YES;
				SDKROOT = macosx;
				SWIFT_ACTIVE_COMPILATION_CONDITIONS = "DEBUG $(inherited)";
				SWIFT_OPTIMIZATION_LEVEL = "-Onone";
			};
			name = Debug;
		};
		F0FD1F432C8365730038FB60 /* Release */ = {
			isa = XCBuildConfiguration;
			buildSettings = {
				ALWAYS_SEARCH_USER_PATHS = NO;
				ASSETCATALOG_COMPILER_GENERATE_SWIFT_ASSET_SYMBOL_EXTENSIONS = YES;
				CLANG_ANALYZER_NONNULL = YES;
				CLANG_ANALYZER_NUMBER_OBJECT_CONVERSION = YES_AGGRESSIVE;
				CLANG_CXX_LANGUAGE_STANDARD = "gnu++20";
				CLANG_ENABLE_MODULES = YES;
				CLANG_ENABLE_OBJC_ARC = YES;
				CLANG_ENABLE_OBJC_WEAK = YES;
				CLANG_WARN_BLOCK_CAPTURE_AUTORELEASING = YES;
				CLANG_WARN_BOOL_CONVERSION = YES;
				CLANG_WARN_COMMA = YES;
				CLANG_WARN_CONSTANT_CONVERSION = YES;
				CLANG_WARN_DEPRECATED_OBJC_IMPLEMENTATIONS = YES;
				CLANG_WARN_DIRECT_OBJC_ISA_USAGE = YES_ERROR;
				CLANG_WARN_DOCUMENTATION_COMMENTS = YES;
				CLANG_WARN_EMPTY_BODY = YES;
				CLANG_WARN_ENUM_CONVERSION = YES;
				CLANG_WARN_INFINITE_RECURSION = YES;
				CLANG_WARN_INT_CONVERSION = YES;
				CLANG_WARN_NON_LITERAL_NULL_CONVERSION = YES;
				CLANG_WARN_OBJC_IMPLICIT_RETAIN_SELF = YES;
				CLANG_WARN_OBJC_LITERAL_CONVERSION = YES;
				CLANG_WARN_OBJC_ROOT_CLASS = YES_ERROR;
				CLANG_WARN_QUOTED_INCLUDE_IN_FRAMEWORK_HEADER = YES;
				CLANG_WARN_RANGE_LOOP_ANALYSIS = YES;
				CLANG_WARN_STRICT_PROTOTYPES = YES;
				CLANG_WARN_SUSPICIOUS_MOVE = YES;
				CLANG_WARN_UNGUARDED_AVAILABILITY = YES_AGGRESSIVE;
				CLANG_WARN_UNREACHABLE_CODE = YES;
				CLANG_WARN__DUPLICATE_METHOD_MATCH = YES;
				COPY_PHASE_STRIP = NO;
				DEBUG_INFORMATION_FORMAT = "dwarf-with-dsym";
				ENABLE_NS_ASSERTIONS = NO;
				ENABLE_STRICT_OBJC_MSGSEND = YES;
				ENABLE_USER_SCRIPT_SANDBOXING = YES;
				GCC_C_LANGUAGE_STANDARD = gnu17;
				GCC_NO_COMMON_BLOCKS = YES;
				GCC_WARN_64_TO_32_BIT_CONVERSION = YES;
				GCC_WARN_ABOUT_RETURN_TYPE = YES_ERROR;
				GCC_WARN_UNDECLARED_SELECTOR = YES;
				GCC_WARN_UNINITIALIZED_AUTOS = YES_AGGRESSIVE;
				GCC_WARN_UNUSED_FUNCTION = YES;
				GCC_WARN_UNUSED_VARIABLE = YES;
				LOCALIZATION_PREFERS_STRING_CATALOGS = YES;
				MACOSX_DEPLOYMENT_TARGET = 14.6;
				MTL_ENABLE_DEBUG_INFO = NO;
				MTL_FAST_MATH = YES;
				SDKROOT = macosx;
				SWIFT_COMPILATION_MODE = wholemodule;
			};
			name = Release;
		};
		F0FD1F452C8365730038FB60 /* Debug */ = {
			isa = XCBuildConfiguration;
			buildSettings = {
				ASSETCATALOG_COMPILER_APPICON_NAME = AppIcon;
				ASSETCATALOG_COMPILER_GLOBAL_ACCENT_COLOR_NAME = AccentColor;
				CODE_SIGN_ENTITLEMENTS = "Revenue Bar/Resources/RevenueBar.entitlements";
				CODE_SIGN_STYLE = Automatic;
				COMBINE_HIDPI_IMAGES = YES;
				CURRENT_PROJECT_VERSION = 1;
				DEVELOPMENT_ASSET_PATHS = "\"Revenue Bar/Preview Content\"";
				DEVELOPMENT_TEAM = 3K4R6ZGH22;
				ENABLE_HARDENED_RUNTIME = YES;
				ENABLE_PREVIEWS = YES;
				GENERATE_INFOPLIST_FILE = YES;
				INFOPLIST_KEY_LSApplicationCategoryType = "public.app-category.utilities";
				INFOPLIST_KEY_LSUIElement = YES;
				INFOPLIST_KEY_NSHumanReadableCopyright = "";
				LD_RUNPATH_SEARCH_PATHS = (
					"$(inherited)",
					"@executable_path/../Frameworks",
				);
				MARKETING_VERSION = 1.0;
				PRODUCT_BUNDLE_IDENTIFIER = app.revenuebar;
				PRODUCT_NAME = "$(TARGET_NAME)";
				SWIFT_EMIT_LOC_STRINGS = YES;
				SWIFT_VERSION = 5.0;
			};
			name = Debug;
		};
		F0FD1F462C8365730038FB60 /* Release */ = {
			isa = XCBuildConfiguration;
			buildSettings = {
				ASSETCATALOG_COMPILER_APPICON_NAME = AppIcon;
				ASSETCATALOG_COMPILER_GLOBAL_ACCENT_COLOR_NAME = AccentColor;
				CODE_SIGN_ENTITLEMENTS = "Revenue Bar/Resources/RevenueBar.entitlements";
				CODE_SIGN_STYLE = Automatic;
				COMBINE_HIDPI_IMAGES = YES;
				CURRENT_PROJECT_VERSION = 1;
				DEVELOPMENT_ASSET_PATHS = "\"Revenue Bar/Preview Content\"";
				DEVELOPMENT_TEAM = 3K4R6ZGH22;
				ENABLE_HARDENED_RUNTIME = YES;
				ENABLE_PREVIEWS = YES;
				GENERATE_INFOPLIST_FILE = YES;
				INFOPLIST_KEY_LSApplicationCategoryType = "public.app-category.utilities";
				INFOPLIST_KEY_LSUIElement = YES;
				INFOPLIST_KEY_NSHumanReadableCopyright = "";
				LD_RUNPATH_SEARCH_PATHS = (
					"$(inherited)",
					"@executable_path/../Frameworks",
				);
				MARKETING_VERSION = 1.0;
				PRODUCT_BUNDLE_IDENTIFIER = app.revenuebar;
				PRODUCT_NAME = "$(TARGET_NAME)";
				SWIFT_EMIT_LOC_STRINGS = YES;
				SWIFT_VERSION = 5.0;
			};
			name = Release;
		};
/* End XCBuildConfiguration section */

/* Begin XCConfigurationList section */
		F0FD1F302C8365720038FB60 /* Build configuration list for PBXProject "Revenue Bar" */ = {
			isa = XCConfigurationList;
			buildConfigurations = (
				F0FD1F422C8365730038FB60 /* Debug */,
				F0FD1F432C8365730038FB60 /* Release */,
			);
			defaultConfigurationIsVisible = 0;
			defaultConfigurationName = Release;
		};
		F0FD1F442C8365730038FB60 /* Build configuration list for PBXNativeTarget "Revenue Bar" */ = {
			isa = XCConfigurationList;
			buildConfigurations = (
				F0FD1F452C8365730038FB60 /* Debug */,
				F0FD1F462C8365730038FB60 /* Release */,
			);
			defaultConfigurationIsVisible = 0;
			defaultConfigurationName = Release;
		};
/* End XCConfigurationList section */

/* Begin XCRemoteSwiftPackageReference section */
		F05A79B52C9025FD003A53CD /* XCRemoteSwiftPackageReference "purchases-ios" */ = {
			isa = XCRemoteSwiftPackageReference;
			repositoryURL = "https://github.com/RevenueCat/purchases-ios.git";
			requirement = {
				kind = exactVersion;
				version = 5.3.2;
			};
		};
		F0FD1F6F2C8379C90038FB60 /* XCRemoteSwiftPackageReference "KeychainAccess" */ = {
			isa = XCRemoteSwiftPackageReference;
			repositoryURL = "https://github.com/kishikawakatsumi/KeychainAccess";
			requirement = {
				kind = exactVersion;
				version = 4.2.2;
			};
		};
		F0FD1F7D2C837CD70038FB60 /* XCRemoteSwiftPackageReference "SnapKit" */ = {
			isa = XCRemoteSwiftPackageReference;
			repositoryURL = "https://github.com/SnapKit/SnapKit";
			requirement = {
				kind = exactVersion;
				version = 5.7.1;
			};
		};
/* End XCRemoteSwiftPackageReference section */

/* Begin XCSwiftPackageProductDependency section */
		F05A79B62C9025FD003A53CD /* RevenueCat */ = {
			isa = XCSwiftPackageProductDependency;
			package = F05A79B52C9025FD003A53CD /* XCRemoteSwiftPackageReference "purchases-ios" */;
			productName = RevenueCat;
		};
		F0FD1F702C8379C90038FB60 /* KeychainAccess */ = {
			isa = XCSwiftPackageProductDependency;
			package = F0FD1F6F2C8379C90038FB60 /* XCRemoteSwiftPackageReference "KeychainAccess" */;
			productName = KeychainAccess;
		};
		F0FD1F852C837D830038FB60 /* SnapKit */ = {
			isa = XCSwiftPackageProductDependency;
			package = F0FD1F7D2C837CD70038FB60 /* XCRemoteSwiftPackageReference "SnapKit" */;
			productName = SnapKit;
		};
/* End XCSwiftPackageProductDependency section */
	};
	rootObject = F0FD1F2D2C8365720038FB60 /* Project object */;
}
