// !$*UTF8*$!
{
	archiveVersion = 1;
	classes = {
	};
	objectVersion = 56;
	objects = {

/* Begin PBXBuildFile section */
		F0FD1F3D2C8365730038FB60 /* Assets.xcassets in Resources */ = {isa = PBXBuildFile; fileRef = F0FD1F3C2C8365730038FB60 /* Assets.xcassets */; };
		F0FD1F502C83693E0038FB60 /* DashboardView.swift in Sources */ = {isa = PBXBuildFile; fileRef = F0FD1F4F2C83693E0038FB60 /* DashboardView.swift */; };
		F0FD1F522C83694F0038FB60 /* AuthView.swift in Sources */ = {isa = PBXBuildFile; fileRef = F0FD1F512C83694F0038FB60 /* AuthView.swift */; };
		F0FD1F542C8369580038FB60 /* PreferencesView.swift in Sources */ = {isa = PBXBuildFile; fileRef = F0FD1F532C8369580038FB60 /* PreferencesView.swift */; };
		F0FD1F572C836ADA0038FB60 /* Dependencies.swift in Sources */ = {isa = PBXBuildFile; fileRef = F0FD1F562C836ADA0038FB60 /* Dependencies.swift */; };
		F0FD1F592C836B050038FB60 /* MenuBarController.swift in Sources */ = {isa = PBXBuildFile; fileRef = F0FD1F582C836B050038FB60 /* MenuBarController.swift */; };
		F0FD1F5B2C836B6A0038FB60 /* MenuPopoverController.swift in Sources */ = {isa = PBXBuildFile; fileRef = F0FD1F5A2C836B6A0038FB60 /* MenuPopoverController.swift */; };
		F0FD1F602C836F400038FB60 /* main.swift in Sources */ = {isa = PBXBuildFile; fileRef = F0FD1F5F2C836F400038FB60 /* main.swift */; };
		F0FD1F622C836F500038FB60 /* AppDelegate.swift in Sources */ = {isa = PBXBuildFile; fileRef = F0FD1F612C836F500038FB60 /* AppDelegate.swift */; };
		F0FD1F642C8370AB0038FB60 /* MenuPopoverNavigationCoordinator.swift in Sources */ = {isa = PBXBuildFile; fileRef = F0FD1F632C8370AB0038FB60 /* MenuPopoverNavigationCoordinator.swift */; };
		F0FD1F662C8370EF0038FB60 /* MenuPopoverWindow.swift in Sources */ = {isa = PBXBuildFile; fileRef = F0FD1F652C8370EF0038FB60 /* MenuPopoverWindow.swift */; };
		F0FD1F6B2C8378D30038FB60 /* KeyValueStorage.swift in Sources */ = {isa = PBXBuildFile; fileRef = F0FD1F6A2C8378D30038FB60 /* KeyValueStorage.swift */; };
		F0FD1F6E2C8379070038FB60 /* StaticString+Convenience.swift in Sources */ = {isa = PBXBuildFile; fileRef = F0FD1F6D2C8379070038FB60 /* StaticString+Convenience.swift */; };
		F0FD1F712C8379C90038FB60 /* KeychainAccess in Frameworks */ = {isa = PBXBuildFile; productRef = F0FD1F702C8379C90038FB60 /* KeychainAccess */; };
		F0FD1F732C837A000038FB60 /* Double+Convenience.swift in Sources */ = {isa = PBXBuildFile; fileRef = F0FD1F722C837A000038FB60 /* Double+Convenience.swift */; };
		F0FD1F752C837A170038FB60 /* Int+Convenience.swift in Sources */ = {isa = PBXBuildFile; fileRef = F0FD1F742C837A170038FB60 /* Int+Convenience.swift */; };
		F0FD1F772C837A3D0038FB60 /* Bool+Convenience.swift in Sources */ = {isa = PBXBuildFile; fileRef = F0FD1F762C837A3D0038FB60 /* Bool+Convenience.swift */; };
/* End PBXBuildFile section */

/* Begin PBXFileReference section */
		F0FD1F352C8365720038FB60 /* Revenue Bar.app */ = {isa = PBXFileReference; explicitFileType = wrapper.application; includeInIndex = 0; path = "Revenue Bar.app"; sourceTree = BUILT_PRODUCTS_DIR; };
		F0FD1F3C2C8365730038FB60 /* Assets.xcassets */ = {isa = PBXFileReference; lastKnownFileType = folder.assetcatalog; path = Assets.xcassets; sourceTree = "<group>"; };
		F0FD1F412C8365730038FB60 /* RevenueBar.entitlements */ = {isa = PBXFileReference; lastKnownFileType = text.plist.entitlements; path = RevenueBar.entitlements; sourceTree = "<group>"; };
		F0FD1F4F2C83693E0038FB60 /* DashboardView.swift */ = {isa = PBXFileReference; lastKnownFileType = sourcecode.swift; path = DashboardView.swift; sourceTree = "<group>"; };
		F0FD1F512C83694F0038FB60 /* AuthView.swift */ = {isa = PBXFileReference; lastKnownFileType = sourcecode.swift; path = AuthView.swift; sourceTree = "<group>"; };
		F0FD1F532C8369580038FB60 /* PreferencesView.swift */ = {isa = PBXFileReference; lastKnownFileType = sourcecode.swift; path = PreferencesView.swift; sourceTree = "<group>"; };
		F0FD1F562C836ADA0038FB60 /* Dependencies.swift */ = {isa = PBXFileReference; lastKnownFileType = sourcecode.swift; path = Dependencies.swift; sourceTree = "<group>"; };
		F0FD1F582C836B050038FB60 /* MenuBarController.swift */ = {isa = PBXFileReference; lastKnownFileType = sourcecode.swift; path = MenuBarController.swift; sourceTree = "<group>"; };
		F0FD1F5A2C836B6A0038FB60 /* MenuPopoverController.swift */ = {isa = PBXFileReference; lastKnownFileType = sourcecode.swift; path = MenuPopoverController.swift; sourceTree = "<group>"; };
		F0FD1F5F2C836F400038FB60 /* main.swift */ = {isa = PBXFileReference; lastKnownFileType = sourcecode.swift; path = main.swift; sourceTree = "<group>"; };
		F0FD1F612C836F500038FB60 /* AppDelegate.swift */ = {isa = PBXFileReference; lastKnownFileType = sourcecode.swift; path = AppDelegate.swift; sourceTree = "<group>"; };
		F0FD1F632C8370AB0038FB60 /* MenuPopoverNavigationCoordinator.swift */ = {isa = PBXFileReference; lastKnownFileType = sourcecode.swift; path = MenuPopoverNavigationCoordinator.swift; sourceTree = "<group>"; };
		F0FD1F652C8370EF0038FB60 /* MenuPopoverWindow.swift */ = {isa = PBXFileReference; lastKnownFileType = sourcecode.swift; path = MenuPopoverWindow.swift; sourceTree = "<group>"; };
		F0FD1F6A2C8378D30038FB60 /* KeyValueStorage.swift */ = {isa = PBXFileReference; lastKnownFileType = sourcecode.swift; path = KeyValueStorage.swift; sourceTree = "<group>"; };
		F0FD1F6D2C8379070038FB60 /* StaticString+Convenience.swift */ = {isa = PBXFileReference; lastKnownFileType = sourcecode.swift; path = "StaticString+Convenience.swift"; sourceTree = "<group>"; };
		F0FD1F722C837A000038FB60 /* Double+Convenience.swift */ = {isa = PBXFileReference; lastKnownFileType = sourcecode.swift; path = "Double+Convenience.swift"; sourceTree = "<group>"; };
		F0FD1F742C837A170038FB60 /* Int+Convenience.swift */ = {isa = PBXFileReference; lastKnownFileType = sourcecode.swift; path = "Int+Convenience.swift"; sourceTree = "<group>"; };
		F0FD1F762C837A3D0038FB60 /* Bool+Convenience.swift */ = {isa = PBXFileReference; lastKnownFileType = sourcecode.swift; path = "Bool+Convenience.swift"; sourceTree = "<group>"; };
/* End PBXFileReference section */

/* Begin PBXFrameworksBuildPhase section */
		F0FD1F322C8365720038FB60 /* Frameworks */ = {
			isa = PBXFrameworksBuildPhase;
			buildActionMask = 2147483647;
			files = (
				F0FD1F712C8379C90038FB60 /* KeychainAccess in Frameworks */,
			);
			runOnlyForDeploymentPostprocessing = 0;
		};
/* End PBXFrameworksBuildPhase section */

/* Begin PBXGroup section */
		F0FD1F2C2C8365720038FB60 = {
			isa = PBXGroup;
			children = (
				F0FD1F372C8365720038FB60 /* Revenue Bar */,
				F0FD1F362C8365720038FB60 /* Products */,
			);
			sourceTree = "<group>";
		};
		F0FD1F362C8365720038FB60 /* Products */ = {
			isa = PBXGroup;
			children = (
				F0FD1F352C8365720038FB60 /* Revenue Bar.app */,
			);
			name = Products;
			sourceTree = "<group>";
		};
		F0FD1F372C8365720038FB60 /* Revenue Bar */ = {
			isa = PBXGroup;
			children = (
				F0FD1F482C8365A80038FB60 /* Resources */,
				F0FD1F492C8365AD0038FB60 /* Sources */,
			);
			path = "Revenue Bar";
			sourceTree = "<group>";
		};
		F0FD1F482C8365A80038FB60 /* Resources */ = {
			isa = PBXGroup;
			children = (
				F0FD1F3C2C8365730038FB60 /* Assets.xcassets */,
				F0FD1F412C8365730038FB60 /* RevenueBar.entitlements */,
			);
			path = Resources;
			sourceTree = "<group>";
		};
		F0FD1F492C8365AD0038FB60 /* Sources */ = {
			isa = PBXGroup;
			children = (
				F0FD1F4A2C8365FC0038FB60 /* App */,
				F0FD1F4B2C8366020038FB60 /* Modules */,
				F0FD1F552C836ACC0038FB60 /* Tools */,
			);
			path = Sources;
			sourceTree = "<group>";
		};
		F0FD1F4A2C8365FC0038FB60 /* App */ = {
			isa = PBXGroup;
			children = (
				F0FD1F612C836F500038FB60 /* AppDelegate.swift */,
				F0FD1F5F2C836F400038FB60 /* main.swift */,
			);
			path = App;
			sourceTree = "<group>";
		};
		F0FD1F4B2C8366020038FB60 /* Modules */ = {
			isa = PBXGroup;
			children = (
				F0FD1F4C2C8368C60038FB60 /* Auth */,
				F0FD1F4D2C8368E40038FB60 /* Dashboard */,
				F0FD1F4E2C8368EB0038FB60 /* Preferences */,
			);
			path = Modules;
			sourceTree = "<group>";
		};
		F0FD1F4C2C8368C60038FB60 /* Auth */ = {
			isa = PBXGroup;
			children = (
				F0FD1F512C83694F0038FB60 /* AuthView.swift */,
			);
			path = Auth;
			sourceTree = "<group>";
		};
		F0FD1F4D2C8368E40038FB60 /* Dashboard */ = {
			isa = PBXGroup;
			children = (
				F0FD1F4F2C83693E0038FB60 /* DashboardView.swift */,
			);
			path = Dashboard;
			sourceTree = "<group>";
		};
		F0FD1F4E2C8368EB0038FB60 /* Preferences */ = {
			isa = PBXGroup;
			children = (
				F0FD1F532C8369580038FB60 /* PreferencesView.swift */,
			);
			path = Preferences;
			sourceTree = "<group>";
		};
		F0FD1F552C836ACC0038FB60 /* Tools */ = {
			isa = PBXGroup;
			children = (
				F0FD1F682C83789D0038FB60 /* Domain */,
				F0FD1F672C8378990038FB60 /* Open */,
			);
			path = Tools;
			sourceTree = "<group>";
		};
		F0FD1F5C2C836C600038FB60 /* Dependencies */ = {
			isa = PBXGroup;
			children = (
				F0FD1F562C836ADA0038FB60 /* Dependencies.swift */,
			);
			path = Dependencies;
			sourceTree = "<group>";
		};
		F0FD1F5D2C836C670038FB60 /* MenuBar */ = {
			isa = PBXGroup;
			children = (
				F0FD1F582C836B050038FB60 /* MenuBarController.swift */,
			);
			path = MenuBar;
			sourceTree = "<group>";
		};
		F0FD1F5E2C836C6E0038FB60 /* MenuPopover */ = {
			isa = PBXGroup;
			children = (
				F0FD1F5A2C836B6A0038FB60 /* MenuPopoverController.swift */,
				F0FD1F632C8370AB0038FB60 /* MenuPopoverNavigationCoordinator.swift */,
				F0FD1F652C8370EF0038FB60 /* MenuPopoverWindow.swift */,
			);
			path = MenuPopover;
			sourceTree = "<group>";
		};
		F0FD1F672C8378990038FB60 /* Open */ = {
			isa = PBXGroup;
			children = (
				F0FD1F6C2C8378FF0038FB60 /* Extensions */,
				F0FD1F692C8378A90038FB60 /* KeyValueStorage */,
			);
			path = Open;
			sourceTree = "<group>";
		};
		F0FD1F682C83789D0038FB60 /* Domain */ = {
			isa = PBXGroup;
			children = (
				F0FD1F5C2C836C600038FB60 /* Dependencies */,
				F0FD1F5D2C836C670038FB60 /* MenuBar */,
				F0FD1F5E2C836C6E0038FB60 /* MenuPopover */,
			);
			path = Domain;
			sourceTree = "<group>";
		};
		F0FD1F692C8378A90038FB60 /* KeyValueStorage */ = {
			isa = PBXGroup;
			children = (
				F0FD1F6A2C8378D30038FB60 /* KeyValueStorage.swift */,
			);
			path = KeyValueStorage;
			sourceTree = "<group>";
		};
		F0FD1F6C2C8378FF0038FB60 /* Extensions */ = {
			isa = PBXGroup;
			children = (
				F0FD1F762C837A3D0038FB60 /* Bool+Convenience.swift */,
				F0FD1F722C837A000038FB60 /* Double+Convenience.swift */,
				F0FD1F742C837A170038FB60 /* Int+Convenience.swift */,
				F0FD1F6D2C8379070038FB60 /* StaticString+Convenience.swift */,
			);
			path = Extensions;
			sourceTree = "<group>";
		};
/* End PBXGroup section */

/* Begin PBXNativeTarget section */
		F0FD1F342C8365720038FB60 /* Revenue Bar */ = {
			isa = PBXNativeTarget;
			buildConfigurationList = F0FD1F442C8365730038FB60 /* Build configuration list for PBXNativeTarget "Revenue Bar" */;
			buildPhases = (
				F0FD1F312C8365720038FB60 /* Sources */,
				F0FD1F322C8365720038FB60 /* Frameworks */,
				F0FD1F332C8365720038FB60 /* Resources */,
			);
			buildRules = (
			);
			dependencies = (
			);
			name = "Revenue Bar";
			packageProductDependencies = (
				F0FD1F702C8379C90038FB60 /* KeychainAccess */,
			);
			productName = "Revenue Bar";
			productReference = F0FD1F352C8365720038FB60 /* Revenue Bar.app */;
			productType = "com.apple.product-type.application";
		};
/* End PBXNativeTarget section */

/* Begin PBXProject section */
		F0FD1F2D2C8365720038FB60 /* Project object */ = {
			isa = PBXProject;
			attributes = {
				BuildIndependentTargetsInParallel = 1;
				LastSwiftUpdateCheck = 1530;
				LastUpgradeCheck = 1530;
				TargetAttributes = {
					F0FD1F342C8365720038FB60 = {
						CreatedOnToolsVersion = 15.3;
					};
				};
			};
			buildConfigurationList = F0FD1F302C8365720038FB60 /* Build configuration list for PBXProject "Revenue Bar" */;
			compatibilityVersion = "Xcode 14.0";
			developmentRegion = en;
			hasScannedForEncodings = 0;
			knownRegions = (
				en,
				Base,
			);
			mainGroup = F0FD1F2C2C8365720038FB60;
			packageReferences = (
				F0FD1F6F2C8379C90038FB60 /* XCRemoteSwiftPackageReference "KeychainAccess" */,
			);
			productRefGroup = F0FD1F362C8365720038FB60 /* Products */;
			projectDirPath = "";
			projectRoot = "";
			targets = (
				F0FD1F342C8365720038FB60 /* Revenue Bar */,
			);
		};
/* End PBXProject section */

/* Begin PBXResourcesBuildPhase section */
		F0FD1F332C8365720038FB60 /* Resources */ = {
			isa = PBXResourcesBuildPhase;
			buildActionMask = 2147483647;
			files = (
				F0FD1F3D2C8365730038FB60 /* Assets.xcassets in Resources */,
			);
			runOnlyForDeploymentPostprocessing = 0;
		};
/* End PBXResourcesBuildPhase section */

/* Begin PBXSourcesBuildPhase section */
		F0FD1F312C8365720038FB60 /* Sources */ = {
			isa = PBXSourcesBuildPhase;
			buildActionMask = 2147483647;
			files = (
				F0FD1F6E2C8379070038FB60 /* StaticString+Convenience.swift in Sources */,
				F0FD1F752C837A170038FB60 /* Int+Convenience.swift in Sources */,
				F0FD1F502C83693E0038FB60 /* DashboardView.swift in Sources */,
				F0FD1F542C8369580038FB60 /* PreferencesView.swift in Sources */,
				F0FD1F772C837A3D0038FB60 /* Bool+Convenience.swift in Sources */,
				F0FD1F602C836F400038FB60 /* main.swift in Sources */,
				F0FD1F732C837A000038FB60 /* Double+Convenience.swift in Sources */,
				F0FD1F642C8370AB0038FB60 /* MenuPopoverNavigationCoordinator.swift in Sources */,
				F0FD1F662C8370EF0038FB60 /* MenuPopoverWindow.swift in Sources */,
				F0FD1F622C836F500038FB60 /* AppDelegate.swift in Sources */,
				F0FD1F522C83694F0038FB60 /* AuthView.swift in Sources */,
				F0FD1F6B2C8378D30038FB60 /* KeyValueStorage.swift in Sources */,
				F0FD1F572C836ADA0038FB60 /* Dependencies.swift in Sources */,
				F0FD1F592C836B050038FB60 /* MenuBarController.swift in Sources */,
				F0FD1F5B2C836B6A0038FB60 /* MenuPopoverController.swift in Sources */,
			);
			runOnlyForDeploymentPostprocessing = 0;
		};
/* End PBXSourcesBuildPhase section */

/* Begin XCBuildConfiguration section */
		F0FD1F422C8365730038FB60 /* Debug */ = {
			isa = XCBuildConfiguration;
			buildSettings = {
				ALWAYS_SEARCH_USER_PATHS = NO;
				ASSETCATALOG_COMPILER_GENERATE_SWIFT_ASSET_SYMBOL_EXTENSIONS = YES;
				CLANG_ANALYZER_NONNULL = YES;
				CLANG_ANALYZER_NUMBER_OBJECT_CONVERSION = YES_AGGRESSIVE;
				CLANG_CXX_LANGUAGE_STANDARD = "gnu++20";
				CLANG_ENABLE_MODULES = YES;
				CLANG_ENABLE_OBJC_ARC = YES;
				CLANG_ENABLE_OBJC_WEAK = YES;
				CLANG_WARN_BLOCK_CAPTURE_AUTORELEASING = YES;
				CLANG_WARN_BOOL_CONVERSION = YES;
				CLANG_WARN_COMMA = YES;
				CLANG_WARN_CONSTANT_CONVERSION = YES;
				CLANG_WARN_DEPRECATED_OBJC_IMPLEMENTATIONS = YES;
				CLANG_WARN_DIRECT_OBJC_ISA_USAGE = YES_ERROR;
				CLANG_WARN_DOCUMENTATION_COMMENTS = YES;
				CLANG_WARN_EMPTY_BODY = YES;
				CLANG_WARN_ENUM_CONVERSION = YES;
				CLANG_WARN_INFINITE_RECURSION = YES;
				CLANG_WARN_INT_CONVERSION = YES;
				CLANG_WARN_NON_LITERAL_NULL_CONVERSION = YES;
				CLANG_WARN_OBJC_IMPLICIT_RETAIN_SELF = YES;
				CLANG_WARN_OBJC_LITERAL_CONVERSION = YES;
				CLANG_WARN_OBJC_ROOT_CLASS = YES_ERROR;
				CLANG_WARN_QUOTED_INCLUDE_IN_FRAMEWORK_HEADER = YES;
				CLANG_WARN_RANGE_LOOP_ANALYSIS = YES;
				CLANG_WARN_STRICT_PROTOTYPES = YES;
				CLANG_WARN_SUSPICIOUS_MOVE = YES;
				CLANG_WARN_UNGUARDED_AVAILABILITY = YES_AGGRESSIVE;
				CLANG_WARN_UNREACHABLE_CODE = YES;
				CLANG_WARN__DUPLICATE_METHOD_MATCH = YES;
				COPY_PHASE_STRIP = NO;
				DEBUG_INFORMATION_FORMAT = dwarf;
				ENABLE_STRICT_OBJC_MSGSEND = YES;
				ENABLE_TESTABILITY = YES;
				ENABLE_USER_SCRIPT_SANDBOXING = YES;
				GCC_C_LANGUAGE_STANDARD = gnu17;
				GCC_DYNAMIC_NO_PIC = NO;
				GCC_NO_COMMON_BLOCKS = YES;
				GCC_OPTIMIZATION_LEVEL = 0;
				GCC_PREPROCESSOR_DEFINITIONS = (
					"DEBUG=1",
					"$(inherited)",
				);
				GCC_WARN_64_TO_32_BIT_CONVERSION = YES;
				GCC_WARN_ABOUT_RETURN_TYPE = YES_ERROR;
				GCC_WARN_UNDECLARED_SELECTOR = YES;
				GCC_WARN_UNINITIALIZED_AUTOS = YES_AGGRESSIVE;
				GCC_WARN_UNUSED_FUNCTION = YES;
				GCC_WARN_UNUSED_VARIABLE = YES;
				LOCALIZATION_PREFERS_STRING_CATALOGS = YES;
				MACOSX_DEPLOYMENT_TARGET = 14.1;
				MTL_ENABLE_DEBUG_INFO = INCLUDE_SOURCE;
				MTL_FAST_MATH = YES;
				ONLY_ACTIVE_ARCH = YES;
				SDKROOT = macosx;
				SWIFT_ACTIVE_COMPILATION_CONDITIONS = "DEBUG $(inherited)";
				SWIFT_OPTIMIZATION_LEVEL = "-Onone";
			};
			name = Debug;
		};
		F0FD1F432C8365730038FB60 /* Release */ = {
			isa = XCBuildConfiguration;
			buildSettings = {
				ALWAYS_SEARCH_USER_PATHS = NO;
				ASSETCATALOG_COMPILER_GENERATE_SWIFT_ASSET_SYMBOL_EXTENSIONS = YES;
				CLANG_ANALYZER_NONNULL = YES;
				CLANG_ANALYZER_NUMBER_OBJECT_CONVERSION = YES_AGGRESSIVE;
				CLANG_CXX_LANGUAGE_STANDARD = "gnu++20";
				CLANG_ENABLE_MODULES = YES;
				CLANG_ENABLE_OBJC_ARC = YES;
				CLANG_ENABLE_OBJC_WEAK = YES;
				CLANG_WARN_BLOCK_CAPTURE_AUTORELEASING = YES;
				CLANG_WARN_BOOL_CONVERSION = YES;
				CLANG_WARN_COMMA = YES;
				CLANG_WARN_CONSTANT_CONVERSION = YES;
				CLANG_WARN_DEPRECATED_OBJC_IMPLEMENTATIONS = YES;
				CLANG_WARN_DIRECT_OBJC_ISA_USAGE = YES_ERROR;
				CLANG_WARN_DOCUMENTATION_COMMENTS = YES;
				CLANG_WARN_EMPTY_BODY = YES;
				CLANG_WARN_ENUM_CONVERSION = YES;
				CLANG_WARN_INFINITE_RECURSION = YES;
				CLANG_WARN_INT_CONVERSION = YES;
				CLANG_WARN_NON_LITERAL_NULL_CONVERSION = YES;
				CLANG_WARN_OBJC_IMPLICIT_RETAIN_SELF = YES;
				CLANG_WARN_OBJC_LITERAL_CONVERSION = YES;
				CLANG_WARN_OBJC_ROOT_CLASS = YES_ERROR;
				CLANG_WARN_QUOTED_INCLUDE_IN_FRAMEWORK_HEADER = YES;
				CLANG_WARN_RANGE_LOOP_ANALYSIS = YES;
				CLANG_WARN_STRICT_PROTOTYPES = YES;
				CLANG_WARN_SUSPICIOUS_MOVE = YES;
				CLANG_WARN_UNGUARDED_AVAILABILITY = YES_AGGRESSIVE;
				CLANG_WARN_UNREACHABLE_CODE = YES;
				CLANG_WARN__DUPLICATE_METHOD_MATCH = YES;
				COPY_PHASE_STRIP = NO;
				DEBUG_INFORMATION_FORMAT = "dwarf-with-dsym";
				ENABLE_NS_ASSERTIONS = NO;
				ENABLE_STRICT_OBJC_MSGSEND = YES;
				ENABLE_USER_SCRIPT_SANDBOXING = YES;
				GCC_C_LANGUAGE_STANDARD = gnu17;
				GCC_NO_COMMON_BLOCKS = YES;
				GCC_WARN_64_TO_32_BIT_CONVERSION = YES;
				GCC_WARN_ABOUT_RETURN_TYPE = YES_ERROR;
				GCC_WARN_UNDECLARED_SELECTOR = YES;
				GCC_WARN_UNINITIALIZED_AUTOS = YES_AGGRESSIVE;
				GCC_WARN_UNUSED_FUNCTION = YES;
				GCC_WARN_UNUSED_VARIABLE = YES;
				LOCALIZATION_PREFERS_STRING_CATALOGS = YES;
				MACOSX_DEPLOYMENT_TARGET = 14.1;
				MTL_ENABLE_DEBUG_INFO = NO;
				MTL_FAST_MATH = YES;
				SDKROOT = macosx;
				SWIFT_COMPILATION_MODE = wholemodule;
			};
			name = Release;
		};
		F0FD1F452C8365730038FB60 /* Debug */ = {
			isa = XCBuildConfiguration;
			buildSettings = {
				ASSETCATALOG_COMPILER_APPICON_NAME = AppIcon;
				ASSETCATALOG_COMPILER_GLOBAL_ACCENT_COLOR_NAME = AccentColor;
				CODE_SIGN_ENTITLEMENTS = "Revenue Bar/Resources/RevenueBar.entitlements";
				CODE_SIGN_STYLE = Automatic;
				COMBINE_HIDPI_IMAGES = YES;
				CURRENT_PROJECT_VERSION = 1;
				DEVELOPMENT_ASSET_PATHS = "\"Revenue Bar/Preview Content\"";
				DEVELOPMENT_TEAM = 3K4R6ZGH22;
				ENABLE_HARDENED_RUNTIME = YES;
				ENABLE_PREVIEWS = YES;
				GENERATE_INFOPLIST_FILE = YES;
				INFOPLIST_KEY_LSApplicationCategoryType = "public.app-category.utilities";
				INFOPLIST_KEY_LSUIElement = YES;
				INFOPLIST_KEY_NSHumanReadableCopyright = "";
				LD_RUNPATH_SEARCH_PATHS = (
					"$(inherited)",
					"@executable_path/../Frameworks",
				);
				MACOSX_DEPLOYMENT_TARGET = 14.0;
				MARKETING_VERSION = 1.0;
				PRODUCT_BUNDLE_IDENTIFIER = app.revenuebar.macos;
				PRODUCT_NAME = "$(TARGET_NAME)";
				SWIFT_EMIT_LOC_STRINGS = YES;
				SWIFT_VERSION = 5.0;
			};
			name = Debug;
		};
		F0FD1F462C8365730038FB60 /* Release */ = {
			isa = XCBuildConfiguration;
			buildSettings = {
				ASSETCATALOG_COMPILER_APPICON_NAME = AppIcon;
				ASSETCATALOG_COMPILER_GLOBAL_ACCENT_COLOR_NAME = AccentColor;
				CODE_SIGN_ENTITLEMENTS = "Revenue Bar/Resources/RevenueBar.entitlements";
				CODE_SIGN_STYLE = Automatic;
				COMBINE_HIDPI_IMAGES = YES;
				CURRENT_PROJECT_VERSION = 1;
				DEVELOPMENT_ASSET_PATHS = "\"Revenue Bar/Preview Content\"";
				DEVELOPMENT_TEAM = 3K4R6ZGH22;
				ENABLE_HARDENED_RUNTIME = YES;
				ENABLE_PREVIEWS = YES;
				GENERATE_INFOPLIST_FILE = YES;
				INFOPLIST_KEY_LSApplicationCategoryType = "public.app-category.utilities";
				INFOPLIST_KEY_LSUIElement = YES;
				INFOPLIST_KEY_NSHumanReadableCopyright = "";
				LD_RUNPATH_SEARCH_PATHS = (
					"$(inherited)",
					"@executable_path/../Frameworks",
				);
				MACOSX_DEPLOYMENT_TARGET = 14.0;
				MARKETING_VERSION = 1.0;
				PRODUCT_BUNDLE_IDENTIFIER = app.revenuebar.macos;
				PRODUCT_NAME = "$(TARGET_NAME)";
				SWIFT_EMIT_LOC_STRINGS = YES;
				SWIFT_VERSION = 5.0;
			};
			name = Release;
		};
/* End XCBuildConfiguration section */

/* Begin XCConfigurationList section */
		F0FD1F302C8365720038FB60 /* Build configuration list for PBXProject "Revenue Bar" */ = {
			isa = XCConfigurationList;
			buildConfigurations = (
				F0FD1F422C8365730038FB60 /* Debug */,
				F0FD1F432C8365730038FB60 /* Release */,
			);
			defaultConfigurationIsVisible = 0;
			defaultConfigurationName = Release;
		};
		F0FD1F442C8365730038FB60 /* Build configuration list for PBXNativeTarget "Revenue Bar" */ = {
			isa = XCConfigurationList;
			buildConfigurations = (
				F0FD1F452C8365730038FB60 /* Debug */,
				F0FD1F462C8365730038FB60 /* Release */,
			);
			defaultConfigurationIsVisible = 0;
			defaultConfigurationName = Release;
		};
/* End XCConfigurationList section */

/* Begin XCRemoteSwiftPackageReference section */
		F0FD1F6F2C8379C90038FB60 /* XCRemoteSwiftPackageReference "KeychainAccess" */ = {
			isa = XCRemoteSwiftPackageReference;
			repositoryURL = "https://github.com/kishikawakatsumi/KeychainAccess";
			requirement = {
				kind = exactVersion;
				version = 4.2.2;
			};
		};
/* End XCRemoteSwiftPackageReference section */

/* Begin XCSwiftPackageProductDependency section */
		F0FD1F702C8379C90038FB60 /* KeychainAccess */ = {
			isa = XCSwiftPackageProductDependency;
			package = F0FD1F6F2C8379C90038FB60 /* XCRemoteSwiftPackageReference "KeychainAccess" */;
			productName = KeychainAccess;
		};
/* End XCSwiftPackageProductDependency section */
	};
	rootObject = F0FD1F2D2C8365720038FB60 /* Project object */;
}
